
Microsoft Visual Studio Solution File, Format Version 12.00
# Visual Studio 15
VisualStudioVersion = 15.0.27130.2010
MinimumVisualStudioVersion = 10.0.40219.1
Project("{FAE04EC0-301F-11D3-BF4B-00C04F79EFBC}") = "TrendingApp", "TrendingApp\TrendingApp.csproj", "{55710DFD-1200-42A4-8A21-C927CA7FCD7F}"
EndProject
Project("{FAE04EC0-301F-11D3-BF4B-00C04F79EFBC}") = "MSTesting", "MSTesting\MSTesting.csproj", "{3523ACF5-C840-4D67-84B1-6CCB036C1B15}"
EndProject
Global
	GlobalSection(SolutionConfigurationPlatforms) = preSolution
		Debug|Any CPU = Debug|Any CPU
		Release|Any CPU = Release|Any CPU
	EndGlobalSection
	GlobalSection(ProjectConfigurationPlatforms) = postSolution
		{55710DFD-1200-42A4-8A21-C927CA7FCD7F}.Debug|Any CPU.ActiveCfg = Debug|Any CPU
		{55710DFD-1200-42A4-8A21-C927CA7FCD7F}.Debug|Any CPU.Build.0 = Debug|Any CPU
		{55710DFD-1200-42A4-8A21-C927CA7FCD7F}.Release|Any CPU.ActiveCfg = Release|Any CPU
		{55710DFD-1200-42A4-8A21-C927CA7FCD7F}.Release|Any CPU.Build.0 = Release|Any CPU
		{3523ACF5-C840-4D67-84B1-6CCB036C1B15}.Debug|Any CPU.ActiveCfg = Debug|Any CPU
		{3523ACF5-C840-4D67-84B1-6CCB036C1B15}.Debug|Any CPU.Build.0 = Debug|Any CPU
		{3523ACF5-C840-4D67-84B1-6CCB036C1B15}.Release|Any CPU.ActiveCfg = Release|Any CPU
		{3523ACF5-C840-4D67-84B1-6CCB036C1B15}.Release|Any CPU.Build.0 = Release|Any CPU
	EndGlobalSection
	GlobalSection(SolutionProperties) = preSolution
		HideSolutionNode = FALSE
	EndGlobalSection
	GlobalSection(ExtensibilityGlobals) = postSolution
		SolutionGuid = {1A156538-1378-4518-8492-9CFDFC0FBC46}
	EndGlobalSection
EndGlobal
